// !$*UTF8*$!
{
	archiveVersion = 1;
	classes = {
	};
	objectVersion = 50;
	objects = {

/* Begin PBXBuildFile section */
		0B37274B211927AF00764F65 /* SharedWithMeViewController.swift in Sources */ = {isa = PBXBuildFile; fileRef = 0B37274A211927AF00764F65 /* SharedWithMeViewController.swift */; };
		0B38F99E21112E060007CFA2 /* UIImage+Utility.swift in Sources */ = {isa = PBXBuildFile; fileRef = 0B38F99D21112E060007CFA2 /* UIImage+Utility.swift */; };
		0B47E359210AA76000BBDC16 /* DisplayListTableViewCell.swift in Sources */ = {isa = PBXBuildFile; fileRef = 0B47E358210AA76000BBDC16 /* DisplayListTableViewCell.swift */; };
		0B56587C2119095B00EBA7CD /* ShareService.swift in Sources */ = {isa = PBXBuildFile; fileRef = 0B56587B2119095B00EBA7CD /* ShareService.swift */; };
		0B600572210BA80F004CEA83 /* ListService.swift in Sources */ = {isa = PBXBuildFile; fileRef = 0B600571210BA80F004CEA83 /* ListService.swift */; };
		0B600574210F9052004CEA83 /* CreateListViewController.swift in Sources */ = {isa = PBXBuildFile; fileRef = 0B600573210F9052004CEA83 /* CreateListViewController.swift */; };
		0B600576210F933C004CEA83 /* AddRecommendationToListViewController.swift in Sources */ = {isa = PBXBuildFile; fileRef = 0B600575210F933C004CEA83 /* AddRecommendationToListViewController.swift */; };
		0B6B0E902107B2DB009A36C5 /* AppDelegate.swift in Sources */ = {isa = PBXBuildFile; fileRef = 0B6B0E8F2107B2DB009A36C5 /* AppDelegate.swift */; };
		0B6B0E952107B2DB009A36C5 /* Main.storyboard in Resources */ = {isa = PBXBuildFile; fileRef = 0B6B0E932107B2DB009A36C5 /* Main.storyboard */; };
		0B6B0E972107B2DD009A36C5 /* Assets.xcassets in Resources */ = {isa = PBXBuildFile; fileRef = 0B6B0E962107B2DD009A36C5 /* Assets.xcassets */; };
		0B6B0E9A2107B2DD009A36C5 /* LaunchScreen.storyboard in Resources */ = {isa = PBXBuildFile; fileRef = 0B6B0E982107B2DD009A36C5 /* LaunchScreen.storyboard */; };
		0B6B0EA82107B5A7009A36C5 /* Login.storyboard in Resources */ = {isa = PBXBuildFile; fileRef = 0B6B0EA72107B5A7009A36C5 /* Login.storyboard */; };
		0B6B0EAA2107C522009A36C5 /* User.swift in Sources */ = {isa = PBXBuildFile; fileRef = 0B6B0EA92107C522009A36C5 /* User.swift */; };
		0B6B0EAC2107C570009A36C5 /* LoginViewController.swift in Sources */ = {isa = PBXBuildFile; fileRef = 0B6B0EAB2107C570009A36C5 /* LoginViewController.swift */; };
		0B6B0EAE2107CBB9009A36C5 /* GoogleService-Info.plist in Resources */ = {isa = PBXBuildFile; fileRef = 0B6B0EAD2107CBB9009A36C5 /* GoogleService-Info.plist */; };
		0B7F0E7A2108ED2B00385E27 /* CreateUsernameViewController.swift in Sources */ = {isa = PBXBuildFile; fileRef = 0B7F0E792108ED2B00385E27 /* CreateUsernameViewController.swift */; };
		0B7F0E7C2108EE3700385E27 /* Constants.swift in Sources */ = {isa = PBXBuildFile; fileRef = 0B7F0E7B2108EE3700385E27 /* Constants.swift */; };
		0B7F0E7E2108F18900385E27 /* UserService.swift in Sources */ = {isa = PBXBuildFile; fileRef = 0B7F0E7D2108F18900385E27 /* UserService.swift */; };
		0B7F0E812108FED400385E27 /* Storyboard+Utility.swift in Sources */ = {isa = PBXBuildFile; fileRef = 0B7F0E802108FED400385E27 /* Storyboard+Utility.swift */; };
		0B7F0E8321090C9500385E27 /* MyListsViewController.swift in Sources */ = {isa = PBXBuildFile; fileRef = 0B7F0E8221090C9500385E27 /* MyListsViewController.swift */; };
		0B7F0E872109120F00385E27 /* Recommendation.swift in Sources */ = {isa = PBXBuildFile; fileRef = 0B7F0E862109120F00385E27 /* Recommendation.swift */; };
		0B7F0E89210912D100385E27 /* List.swift in Sources */ = {isa = PBXBuildFile; fileRef = 0B7F0E88210912D100385E27 /* List.swift */; };
		0B7F0EB9210A483B00385E27 /* MyListCollectionViewCell.swift in Sources */ = {isa = PBXBuildFile; fileRef = 0B7F0EB8210A483B00385E27 /* MyListCollectionViewCell.swift */; };
		0B7F0EBE210A6C6C00385E27 /* MyLists.storyboard in Resources */ = {isa = PBXBuildFile; fileRef = 0B7F0EBD210A6C6C00385E27 /* MyLists.storyboard */; };
		0B7F0EC0210A6E3B00385E27 /* DisplayListViewController.swift in Sources */ = {isa = PBXBuildFile; fileRef = 0B7F0EBF210A6E3B00385E27 /* DisplayListViewController.swift */; };
		0BA9807C2118D6D4001E936F /* UsernameSearchTableViewCell.swift in Sources */ = {isa = PBXBuildFile; fileRef = 0BA9807B2118D6D4001E936F /* UsernameSearchTableViewCell.swift */; };
		0BA9807E2118D785001E936F /* ShareViewController.swift in Sources */ = {isa = PBXBuildFile; fileRef = 0BA9807D2118D785001E936F /* ShareViewController.swift */; };
		0BB2B6AF21137FAD00BE768E /* ExploreViewController.swift in Sources */ = {isa = PBXBuildFile; fileRef = 0BB2B6AE21137FAD00BE768E /* ExploreViewController.swift */; };
		0BB2B6B12113804E00BE768E /* FollowService.swift in Sources */ = {isa = PBXBuildFile; fileRef = 0BB2B6B02113804E00BE768E /* FollowService.swift */; };
		0BB2B6B32113995700BE768E /* UserSearchTableViewCell.swift in Sources */ = {isa = PBXBuildFile; fileRef = 0BB2B6B22113995700BE768E /* UserSearchTableViewCell.swift */; };
		0BB2B6B521139A0F00BE768E /* Explore.storyboard in Resources */ = {isa = PBXBuildFile; fileRef = 0BB2B6B421139A0F00BE768E /* Explore.storyboard */; };
		8FFEEED3C7385A43C4B5426A /* Pods_recommendationsApp.framework in Frameworks */ = {isa = PBXBuildFile; fileRef = 2D2C9816A845797BFC2523F6 /* Pods_recommendationsApp.framework */; };
/* End PBXBuildFile section */

/* Begin PBXFileReference section */
		0B37274A211927AF00764F65 /* SharedWithMeViewController.swift */ = {isa = PBXFileReference; lastKnownFileType = sourcecode.swift; path = SharedWithMeViewController.swift; sourceTree = "<group>"; };
		0B38F99D21112E060007CFA2 /* UIImage+Utility.swift */ = {isa = PBXFileReference; lastKnownFileType = sourcecode.swift; path = "UIImage+Utility.swift"; sourceTree = "<group>"; };
		0B47E358210AA76000BBDC16 /* DisplayListTableViewCell.swift */ = {isa = PBXFileReference; lastKnownFileType = sourcecode.swift; path = DisplayListTableViewCell.swift; sourceTree = "<group>"; };
		0B56587B2119095B00EBA7CD /* ShareService.swift */ = {isa = PBXFileReference; lastKnownFileType = sourcecode.swift; path = ShareService.swift; sourceTree = "<group>"; };
		0B600571210BA80F004CEA83 /* ListService.swift */ = {isa = PBXFileReference; lastKnownFileType = sourcecode.swift; path = ListService.swift; sourceTree = "<group>"; };
		0B600573210F9052004CEA83 /* CreateListViewController.swift */ = {isa = PBXFileReference; lastKnownFileType = sourcecode.swift; path = CreateListViewController.swift; sourceTree = "<group>"; };
		0B600575210F933C004CEA83 /* AddRecommendationToListViewController.swift */ = {isa = PBXFileReference; lastKnownFileType = sourcecode.swift; path = AddRecommendationToListViewController.swift; sourceTree = "<group>"; };
		0B6B0E8C2107B2DB009A36C5 /* recommendationsApp.app */ = {isa = PBXFileReference; explicitFileType = wrapper.application; includeInIndex = 0; path = recommendationsApp.app; sourceTree = BUILT_PRODUCTS_DIR; };
		0B6B0E8F2107B2DB009A36C5 /* AppDelegate.swift */ = {isa = PBXFileReference; lastKnownFileType = sourcecode.swift; path = AppDelegate.swift; sourceTree = "<group>"; };
		0B6B0E942107B2DB009A36C5 /* Base */ = {isa = PBXFileReference; lastKnownFileType = file.storyboard; name = Base; path = Base.lproj/Main.storyboard; sourceTree = "<group>"; };
		0B6B0E962107B2DD009A36C5 /* Assets.xcassets */ = {isa = PBXFileReference; lastKnownFileType = folder.assetcatalog; path = Assets.xcassets; sourceTree = "<group>"; };
		0B6B0E992107B2DD009A36C5 /* Base */ = {isa = PBXFileReference; lastKnownFileType = file.storyboard; name = Base; path = Base.lproj/LaunchScreen.storyboard; sourceTree = "<group>"; };
		0B6B0E9B2107B2DD009A36C5 /* Info.plist */ = {isa = PBXFileReference; lastKnownFileType = text.plist.xml; path = Info.plist; sourceTree = "<group>"; };
		0B6B0EA72107B5A7009A36C5 /* Login.storyboard */ = {isa = PBXFileReference; lastKnownFileType = file.storyboard; path = Login.storyboard; sourceTree = "<group>"; };
		0B6B0EA92107C522009A36C5 /* User.swift */ = {isa = PBXFileReference; lastKnownFileType = sourcecode.swift; path = User.swift; sourceTree = "<group>"; };
		0B6B0EAB2107C570009A36C5 /* LoginViewController.swift */ = {isa = PBXFileReference; lastKnownFileType = sourcecode.swift; path = LoginViewController.swift; sourceTree = "<group>"; };
		0B6B0EAD2107CBB9009A36C5 /* GoogleService-Info.plist */ = {isa = PBXFileReference; fileEncoding = 4; lastKnownFileType = text.plist.xml; path = "GoogleService-Info.plist"; sourceTree = "<group>"; };
		0B6B0EB1210804D4009A36C5 /* recommendationsApp.entitlements */ = {isa = PBXFileReference; lastKnownFileType = text.plist.entitlements; path = recommendationsApp.entitlements; sourceTree = "<group>"; };
		0B7F0E792108ED2B00385E27 /* CreateUsernameViewController.swift */ = {isa = PBXFileReference; lastKnownFileType = sourcecode.swift; path = CreateUsernameViewController.swift; sourceTree = "<group>"; };
		0B7F0E7B2108EE3700385E27 /* Constants.swift */ = {isa = PBXFileReference; lastKnownFileType = sourcecode.swift; path = Constants.swift; sourceTree = "<group>"; };
		0B7F0E7D2108F18900385E27 /* UserService.swift */ = {isa = PBXFileReference; lastKnownFileType = sourcecode.swift; path = UserService.swift; sourceTree = "<group>"; };
		0B7F0E802108FED400385E27 /* Storyboard+Utility.swift */ = {isa = PBXFileReference; lastKnownFileType = sourcecode.swift; path = "Storyboard+Utility.swift"; sourceTree = "<group>"; };
		0B7F0E8221090C9500385E27 /* MyListsViewController.swift */ = {isa = PBXFileReference; lastKnownFileType = sourcecode.swift; path = MyListsViewController.swift; sourceTree = "<group>"; };
		0B7F0E862109120F00385E27 /* Recommendation.swift */ = {isa = PBXFileReference; lastKnownFileType = sourcecode.swift; path = Recommendation.swift; sourceTree = "<group>"; };
		0B7F0E88210912D100385E27 /* List.swift */ = {isa = PBXFileReference; lastKnownFileType = sourcecode.swift; path = List.swift; sourceTree = "<group>"; };
		0B7F0EB8210A483B00385E27 /* MyListCollectionViewCell.swift */ = {isa = PBXFileReference; lastKnownFileType = sourcecode.swift; path = MyListCollectionViewCell.swift; sourceTree = "<group>"; };
		0B7F0EBD210A6C6C00385E27 /* MyLists.storyboard */ = {isa = PBXFileReference; fileEncoding = 4; lastKnownFileType = file.storyboard; path = MyLists.storyboard; sourceTree = "<group>"; };
		0B7F0EBF210A6E3B00385E27 /* DisplayListViewController.swift */ = {isa = PBXFileReference; lastKnownFileType = sourcecode.swift; path = DisplayListViewController.swift; sourceTree = "<group>"; };
		0BA9807B2118D6D4001E936F /* UsernameSearchTableViewCell.swift */ = {isa = PBXFileReference; lastKnownFileType = sourcecode.swift; path = UsernameSearchTableViewCell.swift; sourceTree = "<group>"; };
		0BA9807D2118D785001E936F /* ShareViewController.swift */ = {isa = PBXFileReference; lastKnownFileType = sourcecode.swift; path = ShareViewController.swift; sourceTree = "<group>"; };
		0BB2B6AE21137FAD00BE768E /* ExploreViewController.swift */ = {isa = PBXFileReference; lastKnownFileType = sourcecode.swift; path = ExploreViewController.swift; sourceTree = "<group>"; };
		0BB2B6B02113804E00BE768E /* FollowService.swift */ = {isa = PBXFileReference; lastKnownFileType = sourcecode.swift; path = FollowService.swift; sourceTree = "<group>"; };
		0BB2B6B22113995700BE768E /* UserSearchTableViewCell.swift */ = {isa = PBXFileReference; lastKnownFileType = sourcecode.swift; path = UserSearchTableViewCell.swift; sourceTree = "<group>"; };
		0BB2B6B421139A0F00BE768E /* Explore.storyboard */ = {isa = PBXFileReference; fileEncoding = 4; lastKnownFileType = file.storyboard; path = Explore.storyboard; sourceTree = "<group>"; };
		2D2C9816A845797BFC2523F6 /* Pods_recommendationsApp.framework */ = {isa = PBXFileReference; explicitFileType = wrapper.framework; includeInIndex = 0; path = Pods_recommendationsApp.framework; sourceTree = BUILT_PRODUCTS_DIR; };
		C95807E382C61FB46FF5C1C1 /* Pods-recommendationsApp.debug.xcconfig */ = {isa = PBXFileReference; includeInIndex = 1; lastKnownFileType = text.xcconfig; name = "Pods-recommendationsApp.debug.xcconfig"; path = "Pods/Target Support Files/Pods-recommendationsApp/Pods-recommendationsApp.debug.xcconfig"; sourceTree = "<group>"; };
		F8028491011DF8A1167F3798 /* Pods-recommendationsApp.release.xcconfig */ = {isa = PBXFileReference; includeInIndex = 1; lastKnownFileType = text.xcconfig; name = "Pods-recommendationsApp.release.xcconfig"; path = "Pods/Target Support Files/Pods-recommendationsApp/Pods-recommendationsApp.release.xcconfig"; sourceTree = "<group>"; };
/* End PBXFileReference section */

/* Begin PBXFrameworksBuildPhase section */
		0B6B0E892107B2DB009A36C5 /* Frameworks */ = {
			isa = PBXFrameworksBuildPhase;
			buildActionMask = 2147483647;
			files = (
				8FFEEED3C7385A43C4B5426A /* Pods_recommendationsApp.framework in Frameworks */,
			);
			runOnlyForDeploymentPostprocessing = 0;
		};
/* End PBXFrameworksBuildPhase section */

/* Begin PBXGroup section */
		0B600577210F98BB004CEA83 /* Login Flow */ = {
			isa = PBXGroup;
			children = (
				0B6B0EAB2107C570009A36C5 /* LoginViewController.swift */,
				0B7F0E792108ED2B00385E27 /* CreateUsernameViewController.swift */,
			);
			path = "Login Flow";
			sourceTree = "<group>";
		};
		0B6B0E832107B2DB009A36C5 = {
			isa = PBXGroup;
			children = (
				0B6B0E8E2107B2DB009A36C5 /* recommendationsApp */,
				0B6B0E8D2107B2DB009A36C5 /* Products */,
				CB6380AAA00E8C0A790EF63F /* Pods */,
				A165A90A70C9445D138D6679 /* Frameworks */,
			);
			sourceTree = "<group>";
		};
		0B6B0E8D2107B2DB009A36C5 /* Products */ = {
			isa = PBXGroup;
			children = (
				0B6B0E8C2107B2DB009A36C5 /* recommendationsApp.app */,
			);
			name = Products;
			sourceTree = "<group>";
		};
		0B6B0E8E2107B2DB009A36C5 /* recommendationsApp */ = {
			isa = PBXGroup;
			children = (
				0B6B0E8F2107B2DB009A36C5 /* AppDelegate.swift */,
				0B6B0EB1210804D4009A36C5 /* recommendationsApp.entitlements */,
				0B6B0EA12107B355009A36C5 /* Models */,
				0B6B0EA22107B35F009A36C5 /* Views */,
				0B6B0EA32107B36D009A36C5 /* Controllers */,
				0B6B0EA62107B538009A36C5 /* Storyboards */,
				0B6B0EA42107B4F8009A36C5 /* Services */,
				0B7F0E7F2108FEBE00385E27 /* Extensions */,
				0B6B0EA52107B50A009A36C5 /* Supporting Files */,
			);
			path = recommendationsApp;
			sourceTree = "<group>";
		};
		0B6B0EA12107B355009A36C5 /* Models */ = {
			isa = PBXGroup;
			children = (
				0B6B0EA92107C522009A36C5 /* User.swift */,
				0B7F0E862109120F00385E27 /* Recommendation.swift */,
				0B7F0E88210912D100385E27 /* List.swift */,
			);
			path = Models;
			sourceTree = "<group>";
		};
		0B6B0EA22107B35F009A36C5 /* Views */ = {
			isa = PBXGroup;
			children = (
				0B47E358210AA76000BBDC16 /* DisplayListTableViewCell.swift */,
				0B7F0EB8210A483B00385E27 /* MyListCollectionViewCell.swift */,
				0BB2B6B22113995700BE768E /* UserSearchTableViewCell.swift */,
				0BA9807B2118D6D4001E936F /* UsernameSearchTableViewCell.swift */,
			);
			path = Views;
			sourceTree = "<group>";
		};
		0B6B0EA32107B36D009A36C5 /* Controllers */ = {
			isa = PBXGroup;
			children = (
				0B600577210F98BB004CEA83 /* Login Flow */,
				0B7F0EBF210A6E3B00385E27 /* DisplayListViewController.swift */,
				0B600575210F933C004CEA83 /* AddRecommendationToListViewController.swift */,
				0B7F0E8221090C9500385E27 /* MyListsViewController.swift */,
				0B600573210F9052004CEA83 /* CreateListViewController.swift */,
				0BB2B6AE21137FAD00BE768E /* ExploreViewController.swift */,
				0BA9807D2118D785001E936F /* ShareViewController.swift */,
				0B37274A211927AF00764F65 /* SharedWithMeViewController.swift */,
			);
			path = Controllers;
			sourceTree = "<group>";
		};
		0B6B0EA42107B4F8009A36C5 /* Services */ = {
			isa = PBXGroup;
			children = (
				0B7F0E7D2108F18900385E27 /* UserService.swift */,
				0B600571210BA80F004CEA83 /* ListService.swift */,
				0B56587B2119095B00EBA7CD /* ShareService.swift */,
				0BB2B6B02113804E00BE768E /* FollowService.swift */,
			);
			path = Services;
			sourceTree = "<group>";
		};
		0B6B0EA52107B50A009A36C5 /* Supporting Files */ = {
			isa = PBXGroup;
			children = (
				0B6B0E962107B2DD009A36C5 /* Assets.xcassets */,
				0B6B0EAD2107CBB9009A36C5 /* GoogleService-Info.plist */,
				0B6B0E9B2107B2DD009A36C5 /* Info.plist */,
				0B7F0E7B2108EE3700385E27 /* Constants.swift */,
			);
			path = "Supporting Files";
			sourceTree = "<group>";
		};
		0B6B0EA62107B538009A36C5 /* Storyboards */ = {
			isa = PBXGroup;
			children = (
				0BB2B6B421139A0F00BE768E /* Explore.storyboard */,
				0B7F0EBD210A6C6C00385E27 /* MyLists.storyboard */,
				0B6B0E982107B2DD009A36C5 /* LaunchScreen.storyboard */,
				0B6B0E932107B2DB009A36C5 /* Main.storyboard */,
				0B6B0EA72107B5A7009A36C5 /* Login.storyboard */,
			);
			path = Storyboards;
			sourceTree = "<group>";
		};
		0B7F0E7F2108FEBE00385E27 /* Extensions */ = {
			isa = PBXGroup;
			children = (
				0B7F0E802108FED400385E27 /* Storyboard+Utility.swift */,
				0B38F99D21112E060007CFA2 /* UIImage+Utility.swift */,
			);
			path = Extensions;
			sourceTree = "<group>";
		};
		A165A90A70C9445D138D6679 /* Frameworks */ = {
			isa = PBXGroup;
			children = (
				2D2C9816A845797BFC2523F6 /* Pods_recommendationsApp.framework */,
			);
			name = Frameworks;
			sourceTree = "<group>";
		};
		CB6380AAA00E8C0A790EF63F /* Pods */ = {
			isa = PBXGroup;
			children = (
				C95807E382C61FB46FF5C1C1 /* Pods-recommendationsApp.debug.xcconfig */,
				F8028491011DF8A1167F3798 /* Pods-recommendationsApp.release.xcconfig */,
			);
			name = Pods;
			sourceTree = "<group>";
		};
/* End PBXGroup section */

/* Begin PBXNativeTarget section */
		0B6B0E8B2107B2DB009A36C5 /* recommendationsApp */ = {
			isa = PBXNativeTarget;
			buildConfigurationList = 0B6B0E9E2107B2DD009A36C5 /* Build configuration list for PBXNativeTarget "recommendationsApp" */;
			buildPhases = (
				E9D803155B7BCEBD9B2500A6 /* [CP] Check Pods Manifest.lock */,
				0B6B0E882107B2DB009A36C5 /* Sources */,
				0B6B0E892107B2DB009A36C5 /* Frameworks */,
				0B6B0E8A2107B2DB009A36C5 /* Resources */,
				A6173C4180BE7529DA5A8A84 /* [CP] Embed Pods Frameworks */,
				38E33AF5619B0CF8C81A7691 /* [CP] Copy Pods Resources */,
			);
			buildRules = (
			);
			dependencies = (
			);
			name = recommendationsApp;
			productName = recommendationsApp;
			productReference = 0B6B0E8C2107B2DB009A36C5 /* recommendationsApp.app */;
			productType = "com.apple.product-type.application";
		};
/* End PBXNativeTarget section */

/* Begin PBXProject section */
		0B6B0E842107B2DB009A36C5 /* Project object */ = {
			isa = PBXProject;
			attributes = {
				LastSwiftUpdateCheck = 0940;
				LastUpgradeCheck = 0940;
				ORGANIZATIONNAME = "Juan Pablo Ramos";
				TargetAttributes = {
					0B6B0E8B2107B2DB009A36C5 = {
						CreatedOnToolsVersion = 9.4.1;
						SystemCapabilities = {
							com.apple.Keychain = {
								enabled = 1;
							};
						};
					};
				};
			};
			buildConfigurationList = 0B6B0E872107B2DB009A36C5 /* Build configuration list for PBXProject "recommendationsApp" */;
			compatibilityVersion = "Xcode 9.3";
			developmentRegion = en;
			hasScannedForEncodings = 0;
			knownRegions = (
				en,
				Base,
			);
			mainGroup = 0B6B0E832107B2DB009A36C5;
			productRefGroup = 0B6B0E8D2107B2DB009A36C5 /* Products */;
			projectDirPath = "";
			projectRoot = "";
			targets = (
				0B6B0E8B2107B2DB009A36C5 /* recommendationsApp */,
			);
		};
/* End PBXProject section */

/* Begin PBXResourcesBuildPhase section */
		0B6B0E8A2107B2DB009A36C5 /* Resources */ = {
			isa = PBXResourcesBuildPhase;
			buildActionMask = 2147483647;
			files = (
				0B7F0EBE210A6C6C00385E27 /* MyLists.storyboard in Resources */,
				0B6B0EA82107B5A7009A36C5 /* Login.storyboard in Resources */,
				0B6B0E9A2107B2DD009A36C5 /* LaunchScreen.storyboard in Resources */,
				0BB2B6B521139A0F00BE768E /* Explore.storyboard in Resources */,
				0B6B0EAE2107CBB9009A36C5 /* GoogleService-Info.plist in Resources */,
				0B6B0E972107B2DD009A36C5 /* Assets.xcassets in Resources */,
				0B6B0E952107B2DB009A36C5 /* Main.storyboard in Resources */,
			);
			runOnlyForDeploymentPostprocessing = 0;
		};
/* End PBXResourcesBuildPhase section */

/* Begin PBXShellScriptBuildPhase section */
		38E33AF5619B0CF8C81A7691 /* [CP] Copy Pods Resources */ = {
			isa = PBXShellScriptBuildPhase;
			buildActionMask = 2147483647;
			files = (
			);
			inputPaths = (
				"${SRCROOT}/Pods/Target Support Files/Pods-recommendationsApp/Pods-recommendationsApp-resources.sh",
				"${PODS_CONFIGURATION_BUILD_DIR}/FirebaseUI/FirebaseAuthUI.bundle",
				"${PODS_CONFIGURATION_BUILD_DIR}/FirebaseUI/FirebaseFacebookAuthUI.bundle",
			);
			name = "[CP] Copy Pods Resources";
			outputPaths = (
				"${TARGET_BUILD_DIR}/${UNLOCALIZED_RESOURCES_FOLDER_PATH}/FirebaseAuthUI.bundle",
				"${TARGET_BUILD_DIR}/${UNLOCALIZED_RESOURCES_FOLDER_PATH}/FirebaseFacebookAuthUI.bundle",
			);
			runOnlyForDeploymentPostprocessing = 0;
			shellPath = /bin/sh;
			shellScript = "\"${SRCROOT}/Pods/Target Support Files/Pods-recommendationsApp/Pods-recommendationsApp-resources.sh\"\n";
			showEnvVarsInLog = 0;
		};
		A6173C4180BE7529DA5A8A84 /* [CP] Embed Pods Frameworks */ = {
			isa = PBXShellScriptBuildPhase;
			buildActionMask = 2147483647;
			files = (
			);
			inputPaths = (
				"${SRCROOT}/Pods/Target Support Files/Pods-recommendationsApp/Pods-recommendationsApp-frameworks.sh",
				"${BUILT_PRODUCTS_DIR}/Bolts/Bolts.framework",
				"${BUILT_PRODUCTS_DIR}/Cosmos/Cosmos.framework",
				"${BUILT_PRODUCTS_DIR}/FBSDKCoreKit/FBSDKCoreKit.framework",
				"${BUILT_PRODUCTS_DIR}/FBSDKLoginKit/FBSDKLoginKit.framework",
				"${BUILT_PRODUCTS_DIR}/GTMSessionFetcher/GTMSessionFetcher.framework",
				"${BUILT_PRODUCTS_DIR}/GoogleUtilities/GoogleUtilities.framework",
				"${BUILT_PRODUCTS_DIR}/XLActionController/XLActionController.framework",
				"${BUILT_PRODUCTS_DIR}/leveldb-library/leveldb.framework",
				"${BUILT_PRODUCTS_DIR}/nanopb/nanopb.framework",
			);
			name = "[CP] Embed Pods Frameworks";
			outputPaths = (
				"${TARGET_BUILD_DIR}/${FRAMEWORKS_FOLDER_PATH}/Bolts.framework",
				"${TARGET_BUILD_DIR}/${FRAMEWORKS_FOLDER_PATH}/Cosmos.framework",
				"${TARGET_BUILD_DIR}/${FRAMEWORKS_FOLDER_PATH}/FBSDKCoreKit.framework",
				"${TARGET_BUILD_DIR}/${FRAMEWORKS_FOLDER_PATH}/FBSDKLoginKit.framework",
				"${TARGET_BUILD_DIR}/${FRAMEWORKS_FOLDER_PATH}/GTMSessionFetcher.framework",
				"${TARGET_BUILD_DIR}/${FRAMEWORKS_FOLDER_PATH}/GoogleUtilities.framework",
				"${TARGET_BUILD_DIR}/${FRAMEWORKS_FOLDER_PATH}/XLActionController.framework",
				"${TARGET_BUILD_DIR}/${FRAMEWORKS_FOLDER_PATH}/leveldb.framework",
				"${TARGET_BUILD_DIR}/${FRAMEWORKS_FOLDER_PATH}/nanopb.framework",
			);
			runOnlyForDeploymentPostprocessing = 0;
			shellPath = /bin/sh;
			shellScript = "\"${SRCROOT}/Pods/Target Support Files/Pods-recommendationsApp/Pods-recommendationsApp-frameworks.sh\"\n";
			showEnvVarsInLog = 0;
		};
		E9D803155B7BCEBD9B2500A6 /* [CP] Check Pods Manifest.lock */ = {
			isa = PBXShellScriptBuildPhase;
			buildActionMask = 2147483647;
			files = (
			);
			inputPaths = (
				"${PODS_PODFILE_DIR_PATH}/Podfile.lock",
				"${PODS_ROOT}/Manifest.lock",
			);
			name = "[CP] Check Pods Manifest.lock";
			outputPaths = (
				"$(DERIVED_FILE_DIR)/Pods-recommendationsApp-checkManifestLockResult.txt",
			);
			runOnlyForDeploymentPostprocessing = 0;
			shellPath = /bin/sh;
			shellScript = "diff \"${PODS_PODFILE_DIR_PATH}/Podfile.lock\" \"${PODS_ROOT}/Manifest.lock\" > /dev/null\nif [ $? != 0 ] ; then\n    # print error to STDERR\n    echo \"error: The sandbox is not in sync with the Podfile.lock. Run 'pod install' or update your CocoaPods installation.\" >&2\n    exit 1\nfi\n# This output is used by Xcode 'outputs' to avoid re-running this script phase.\necho \"SUCCESS\" > \"${SCRIPT_OUTPUT_FILE_0}\"\n";
			showEnvVarsInLog = 0;
		};
/* End PBXShellScriptBuildPhase section */

/* Begin PBXSourcesBuildPhase section */
		0B6B0E882107B2DB009A36C5 /* Sources */ = {
			isa = PBXSourcesBuildPhase;
			buildActionMask = 2147483647;
			files = (
				0B7F0E872109120F00385E27 /* Recommendation.swift in Sources */,
				0B7F0E7C2108EE3700385E27 /* Constants.swift in Sources */,
				0B56587C2119095B00EBA7CD /* ShareService.swift in Sources */,
				0B47E359210AA76000BBDC16 /* DisplayListTableViewCell.swift in Sources */,
				0B7F0EB9210A483B00385E27 /* MyListCollectionViewCell.swift in Sources */,
				0B7F0E7A2108ED2B00385E27 /* CreateUsernameViewController.swift in Sources */,
				0B37274B211927AF00764F65 /* SharedWithMeViewController.swift in Sources */,
				0BA9807C2118D6D4001E936F /* UsernameSearchTableViewCell.swift in Sources */,
				0B7F0E89210912D100385E27 /* List.swift in Sources */,
				0B7F0E8321090C9500385E27 /* MyListsViewController.swift in Sources */,
				0B600574210F9052004CEA83 /* CreateListViewController.swift in Sources */,
				0B7F0E7E2108F18900385E27 /* UserService.swift in Sources */,
				0B600572210BA80F004CEA83 /* ListService.swift in Sources */,
				0B600576210F933C004CEA83 /* AddRecommendationToListViewController.swift in Sources */,
				0BA9807E2118D785001E936F /* ShareViewController.swift in Sources */,
				0B6B0EAC2107C570009A36C5 /* LoginViewController.swift in Sources */,
				0BB2B6B32113995700BE768E /* UserSearchTableViewCell.swift in Sources */,
				0B6B0E902107B2DB009A36C5 /* AppDelegate.swift in Sources */,
				0B7F0E812108FED400385E27 /* Storyboard+Utility.swift in Sources */,
				0BB2B6AF21137FAD00BE768E /* ExploreViewController.swift in Sources */,
				0B6B0EAA2107C522009A36C5 /* User.swift in Sources */,
				0BB2B6B12113804E00BE768E /* FollowService.swift in Sources */,
				0B38F99E21112E060007CFA2 /* UIImage+Utility.swift in Sources */,
				0B7F0EC0210A6E3B00385E27 /* DisplayListViewController.swift in Sources */,
			);
			runOnlyForDeploymentPostprocessing = 0;
		};
/* End PBXSourcesBuildPhase section */

/* Begin PBXVariantGroup section */
		0B6B0E932107B2DB009A36C5 /* Main.storyboard */ = {
			isa = PBXVariantGroup;
			children = (
				0B6B0E942107B2DB009A36C5 /* Base */,
			);
			name = Main.storyboard;
			sourceTree = "<group>";
		};
		0B6B0E982107B2DD009A36C5 /* LaunchScreen.storyboard */ = {
			isa = PBXVariantGroup;
			children = (
				0B6B0E992107B2DD009A36C5 /* Base */,
			);
			name = LaunchScreen.storyboard;
			sourceTree = "<group>";
		};
/* End PBXVariantGroup section */

/* Begin XCBuildConfiguration section */
		0B6B0E9C2107B2DD009A36C5 /* Debug */ = {
			isa = XCBuildConfiguration;
			buildSettings = {
				ALWAYS_SEARCH_USER_PATHS = NO;
				CLANG_ANALYZER_NONNULL = YES;
				CLANG_ANALYZER_NUMBER_OBJECT_CONVERSION = YES_AGGRESSIVE;
				CLANG_CXX_LANGUAGE_STANDARD = "gnu++14";
				CLANG_CXX_LIBRARY = "libc++";
				CLANG_ENABLE_MODULES = YES;
				CLANG_ENABLE_OBJC_ARC = YES;
				CLANG_ENABLE_OBJC_WEAK = YES;
				CLANG_WARN_BLOCK_CAPTURE_AUTORELEASING = YES;
				CLANG_WARN_BOOL_CONVERSION = YES;
				CLANG_WARN_COMMA = YES;
				CLANG_WARN_CONSTANT_CONVERSION = YES;
				CLANG_WARN_DEPRECATED_OBJC_IMPLEMENTATIONS = YES;
				CLANG_WARN_DIRECT_OBJC_ISA_USAGE = YES_ERROR;
				CLANG_WARN_DOCUMENTATION_COMMENTS = YES;
				CLANG_WARN_EMPTY_BODY = YES;
				CLANG_WARN_ENUM_CONVERSION = YES;
				CLANG_WARN_INFINITE_RECURSION = YES;
				CLANG_WARN_INT_CONVERSION = YES;
				CLANG_WARN_NON_LITERAL_NULL_CONVERSION = YES;
				CLANG_WARN_OBJC_IMPLICIT_RETAIN_SELF = YES;
				CLANG_WARN_OBJC_LITERAL_CONVERSION = YES;
				CLANG_WARN_OBJC_ROOT_CLASS = YES_ERROR;
				CLANG_WARN_RANGE_LOOP_ANALYSIS = YES;
				CLANG_WARN_STRICT_PROTOTYPES = YES;
				CLANG_WARN_SUSPICIOUS_MOVE = YES;
				CLANG_WARN_UNGUARDED_AVAILABILITY = YES_AGGRESSIVE;
				CLANG_WARN_UNREACHABLE_CODE = YES;
				CLANG_WARN__DUPLICATE_METHOD_MATCH = YES;
				CODE_SIGN_IDENTITY = "iPhone Developer";
				COPY_PHASE_STRIP = NO;
				DEBUG_INFORMATION_FORMAT = dwarf;
				ENABLE_STRICT_OBJC_MSGSEND = YES;
				ENABLE_TESTABILITY = YES;
				GCC_C_LANGUAGE_STANDARD = gnu11;
				GCC_DYNAMIC_NO_PIC = NO;
				GCC_NO_COMMON_BLOCKS = YES;
				GCC_OPTIMIZATION_LEVEL = 0;
				GCC_PREPROCESSOR_DEFINITIONS = (
					"DEBUG=1",
					"$(inherited)",
				);
				GCC_WARN_64_TO_32_BIT_CONVERSION = YES;
				GCC_WARN_ABOUT_RETURN_TYPE = YES_ERROR;
				GCC_WARN_UNDECLARED_SELECTOR = YES;
				GCC_WARN_UNINITIALIZED_AUTOS = YES_AGGRESSIVE;
				GCC_WARN_UNUSED_FUNCTION = YES;
				GCC_WARN_UNUSED_VARIABLE = YES;
				IPHONEOS_DEPLOYMENT_TARGET = 11.4;
				MTL_ENABLE_DEBUG_INFO = YES;
				ONLY_ACTIVE_ARCH = YES;
				SDKROOT = iphoneos;
				SWIFT_ACTIVE_COMPILATION_CONDITIONS = DEBUG;
				SWIFT_OPTIMIZATION_LEVEL = "-Onone";
			};
			name = Debug;
		};
		0B6B0E9D2107B2DD009A36C5 /* Release */ = {
			isa = XCBuildConfiguration;
			buildSettings = {
				ALWAYS_SEARCH_USER_PATHS = NO;
				CLANG_ANALYZER_NONNULL = YES;
				CLANG_ANALYZER_NUMBER_OBJECT_CONVERSION = YES_AGGRESSIVE;
				CLANG_CXX_LANGUAGE_STANDARD = "gnu++14";
				CLANG_CXX_LIBRARY = "libc++";
				CLANG_ENABLE_MODULES = YES;
				CLANG_ENABLE_OBJC_ARC = YES;
				CLANG_ENABLE_OBJC_WEAK = YES;
				CLANG_WARN_BLOCK_CAPTURE_AUTORELEASING = YES;
				CLANG_WARN_BOOL_CONVERSION = YES;
				CLANG_WARN_COMMA = YES;
				CLANG_WARN_CONSTANT_CONVERSION = YES;
				CLANG_WARN_DEPRECATED_OBJC_IMPLEMENTATIONS = YES;
				CLANG_WARN_DIRECT_OBJC_ISA_USAGE = YES_ERROR;
				CLANG_WARN_DOCUMENTATION_COMMENTS = YES;
				CLANG_WARN_EMPTY_BODY = YES;
				CLANG_WARN_ENUM_CONVERSION = YES;
				CLANG_WARN_INFINITE_RECURSION = YES;
				CLANG_WARN_INT_CONVERSION = YES;
				CLANG_WARN_NON_LITERAL_NULL_CONVERSION = YES;
				CLANG_WARN_OBJC_IMPLICIT_RETAIN_SELF = YES;
				CLANG_WARN_OBJC_LITERAL_CONVERSION = YES;
				CLANG_WARN_OBJC_ROOT_CLASS = YES_ERROR;
				CLANG_WARN_RANGE_LOOP_ANALYSIS = YES;
				CLANG_WARN_STRICT_PROTOTYPES = YES;
				CLANG_WARN_SUSPICIOUS_MOVE = YES;
				CLANG_WARN_UNGUARDED_AVAILABILITY = YES_AGGRESSIVE;
				CLANG_WARN_UNREACHABLE_CODE = YES;
				CLANG_WARN__DUPLICATE_METHOD_MATCH = YES;
				CODE_SIGN_IDENTITY = "iPhone Developer";
				COPY_PHASE_STRIP = NO;
				DEBUG_INFORMATION_FORMAT = "dwarf-with-dsym";
				ENABLE_NS_ASSERTIONS = NO;
				ENABLE_STRICT_OBJC_MSGSEND = YES;
				GCC_C_LANGUAGE_STANDARD = gnu11;
				GCC_NO_COMMON_BLOCKS = YES;
				GCC_WARN_64_TO_32_BIT_CONVERSION = YES;
				GCC_WARN_ABOUT_RETURN_TYPE = YES_ERROR;
				GCC_WARN_UNDECLARED_SELECTOR = YES;
				GCC_WARN_UNINITIALIZED_AUTOS = YES_AGGRESSIVE;
				GCC_WARN_UNUSED_FUNCTION = YES;
				GCC_WARN_UNUSED_VARIABLE = YES;
				IPHONEOS_DEPLOYMENT_TARGET = 11.4;
				MTL_ENABLE_DEBUG_INFO = NO;
				SDKROOT = iphoneos;
				SWIFT_COMPILATION_MODE = wholemodule;
				SWIFT_OPTIMIZATION_LEVEL = "-O";
				VALIDATE_PRODUCT = YES;
			};
			name = Release;
		};
		0B6B0E9F2107B2DD009A36C5 /* Debug */ = {
			isa = XCBuildConfiguration;
			baseConfigurationReference = C95807E382C61FB46FF5C1C1 /* Pods-recommendationsApp.debug.xcconfig */;
			buildSettings = {
				ASSETCATALOG_COMPILER_APPICON_NAME = AppIcon;
				CODE_SIGN_ENTITLEMENTS = recommendationsApp/recommendationsApp.entitlements;
				CODE_SIGN_STYLE = Automatic;
				DEVELOPMENT_TEAM = GULLB495Q9;
				INFOPLIST_FILE = "$(SRCROOT)/recommendationsApp/Supporting Files/Info.plist";
				LD_RUNPATH_SEARCH_PATHS = (
					"$(inherited)",
					"@executable_path/Frameworks",
				);
				PRODUCT_BUNDLE_IDENTIFIER = com.recommendationsApp;
				PRODUCT_NAME = "$(TARGET_NAME)";
				SWIFT_VERSION = 4.0;
				TARGETED_DEVICE_FAMILY = "1,2";
			};
			name = Debug;
		};
		0B6B0EA02107B2DD009A36C5 /* Release */ = {
			isa = XCBuildConfiguration;
			baseConfigurationReference = F8028491011DF8A1167F3798 /* Pods-recommendationsApp.release.xcconfig */;
			buildSettings = {
				ASSETCATALOG_COMPILER_APPICON_NAME = AppIcon;
				CODE_SIGN_ENTITLEMENTS = recommendationsApp/recommendationsApp.entitlements;
				CODE_SIGN_STYLE = Automatic;
				DEVELOPMENT_TEAM = GULLB495Q9;
				INFOPLIST_FILE = "$(SRCROOT)/recommendationsApp/Supporting Files/Info.plist";
				LD_RUNPATH_SEARCH_PATHS = (
					"$(inherited)",
					"@executable_path/Frameworks",
				);
				PRODUCT_BUNDLE_IDENTIFIER = com.recommendationsApp;
				PRODUCT_NAME = "$(TARGET_NAME)";
				SWIFT_VERSION = 4.0;
				TARGETED_DEVICE_FAMILY = "1,2";
			};
			name = Release;
		};
/* End XCBuildConfiguration section */

/* Begin XCConfigurationList section */
		0B6B0E872107B2DB009A36C5 /* Build configuration list for PBXProject "recommendationsApp" */ = {
			isa = XCConfigurationList;
			buildConfigurations = (
				0B6B0E9C2107B2DD009A36C5 /* Debug */,
				0B6B0E9D2107B2DD009A36C5 /* Release */,
			);
			defaultConfigurationIsVisible = 0;
			defaultConfigurationName = Release;
		};
		0B6B0E9E2107B2DD009A36C5 /* Build configuration list for PBXNativeTarget "recommendationsApp" */ = {
			isa = XCConfigurationList;
			buildConfigurations = (
				0B6B0E9F2107B2DD009A36C5 /* Debug */,
				0B6B0EA02107B2DD009A36C5 /* Release */,
			);
			defaultConfigurationIsVisible = 0;
			defaultConfigurationName = Release;
		};
/* End XCConfigurationList section */
	};
	rootObject = 0B6B0E842107B2DB009A36C5 /* Project object */;
}
